// !$*UTF8*$!
{
	archiveVersion = 1;
	classes = {
	};
	objectVersion = 52;
	objects = {

/* Begin PBXBuildFile section */
		F6B24A3626EEF7C700C36833 /* AppDelegate.swift in Sources */ = {isa = PBXBuildFile; fileRef = F6B24A3526EEF7C700C36833 /* AppDelegate.swift */; };
		F6B24A3826EEF7C700C36833 /* SceneDelegate.swift in Sources */ = {isa = PBXBuildFile; fileRef = F6B24A3726EEF7C700C36833 /* SceneDelegate.swift */; };
		F6B24A3A26EEF7C700C36833 /* ViewController.swift in Sources */ = {isa = PBXBuildFile; fileRef = F6B24A3926EEF7C700C36833 /* ViewController.swift */; };
		F6B24A3D26EEF7C700C36833 /* Main.storyboard in Resources */ = {isa = PBXBuildFile; fileRef = F6B24A3B26EEF7C700C36833 /* Main.storyboard */; };
		F6B24A3F26EEF7CB00C36833 /* Assets.xcassets in Resources */ = {isa = PBXBuildFile; fileRef = F6B24A3E26EEF7CB00C36833 /* Assets.xcassets */; };
		F6B24A4226EEF7CB00C36833 /* LaunchScreen.storyboard in Resources */ = {isa = PBXBuildFile; fileRef = F6B24A4026EEF7CB00C36833 /* LaunchScreen.storyboard */; };
		F6B24A4D26EEF7CB00C36833 /* RealmDemoTests.swift in Sources */ = {isa = PBXBuildFile; fileRef = F6B24A4C26EEF7CB00C36833 /* RealmDemoTests.swift */; };
		F6B24A5826EEF7CB00C36833 /* RealmDemoUITests.swift in Sources */ = {isa = PBXBuildFile; fileRef = F6B24A5726EEF7CB00C36833 /* RealmDemoUITests.swift */; };
		F6B24A6A26EEF9E500C36833 /* RealmSwift in Frameworks */ = {isa = PBXBuildFile; productRef = F6B24A6926EEF9E500C36833 /* RealmSwift */; };
		F6B24A6F26EEFA8800C36833 /* DemoUser.swift in Sources */ = {isa = PBXBuildFile; fileRef = F6B24A6E26EEFA8800C36833 /* DemoUser.swift */; };
		F6B24A7026EEFA8800C36833 /* DemoUser.swift in Sources */ = {isa = PBXBuildFile; fileRef = F6B24A6E26EEFA8800C36833 /* DemoUser.swift */; };
		F6B24A7126EEFA8800C36833 /* DemoUser.swift in Sources */ = {isa = PBXBuildFile; fileRef = F6B24A6E26EEFA8800C36833 /* DemoUser.swift */; };
		F6B24A7626EF1BB800C36833 /* DemoDBHandler.swift in Sources */ = {isa = PBXBuildFile; fileRef = F6B24A7526EF1BB800C36833 /* DemoDBHandler.swift */; };
		F6B24A7726EF1BB800C36833 /* DemoDBHandler.swift in Sources */ = {isa = PBXBuildFile; fileRef = F6B24A7526EF1BB800C36833 /* DemoDBHandler.swift */; };
		F6B24A7826EF1BB800C36833 /* DemoDBHandler.swift in Sources */ = {isa = PBXBuildFile; fileRef = F6B24A7526EF1BB800C36833 /* DemoDBHandler.swift */; };
		F6B24A7D26EF1F8900C36833 /* LoadUsersViewController.swift in Sources */ = {isa = PBXBuildFile; fileRef = F6B24A7C26EF1F8900C36833 /* LoadUsersViewController.swift */; };
		F6B24A7E26EF1F8900C36833 /* LoadUsersViewController.swift in Sources */ = {isa = PBXBuildFile; fileRef = F6B24A7C26EF1F8900C36833 /* LoadUsersViewController.swift */; };
		F6B24A7F26EF1F8900C36833 /* LoadUsersViewController.swift in Sources */ = {isa = PBXBuildFile; fileRef = F6B24A7C26EF1F8900C36833 /* LoadUsersViewController.swift */; };
		F6B24A8426EF1FB800C36833 /* AddUserViewController.swift in Sources */ = {isa = PBXBuildFile; fileRef = F6B24A8326EF1FB800C36833 /* AddUserViewController.swift */; };
		F6B24A8526EF1FB800C36833 /* AddUserViewController.swift in Sources */ = {isa = PBXBuildFile; fileRef = F6B24A8326EF1FB800C36833 /* AddUserViewController.swift */; };
		F6B24A8626EF1FB800C36833 /* AddUserViewController.swift in Sources */ = {isa = PBXBuildFile; fileRef = F6B24A8326EF1FB800C36833 /* AddUserViewController.swift */; };
		F6B24A8C26EF216800C36833 /* LoadUsersViewModel.swift in Sources */ = {isa = PBXBuildFile; fileRef = F6B24A8B26EF216800C36833 /* LoadUsersViewModel.swift */; };
		F6B24A8D26EF216800C36833 /* LoadUsersViewModel.swift in Sources */ = {isa = PBXBuildFile; fileRef = F6B24A8B26EF216800C36833 /* LoadUsersViewModel.swift */; };
		F6B24A8E26EF216800C36833 /* LoadUsersViewModel.swift in Sources */ = {isa = PBXBuildFile; fileRef = F6B24A8B26EF216800C36833 /* LoadUsersViewModel.swift */; };
		F6B24A9626EF22F900C36833 /* LoadUsersCellViewModel.swift in Sources */ = {isa = PBXBuildFile; fileRef = F6B24A9526EF22F900C36833 /* LoadUsersCellViewModel.swift */; };
		F6B24A9726EF22F900C36833 /* LoadUsersCellViewModel.swift in Sources */ = {isa = PBXBuildFile; fileRef = F6B24A9526EF22F900C36833 /* LoadUsersCellViewModel.swift */; };
		F6B24A9826EF22F900C36833 /* LoadUsersCellViewModel.swift in Sources */ = {isa = PBXBuildFile; fileRef = F6B24A9526EF22F900C36833 /* LoadUsersCellViewModel.swift */; };
		F6B24A9D26EF253500C36833 /* LoadDataCell.swift in Sources */ = {isa = PBXBuildFile; fileRef = F6B24A9C26EF253500C36833 /* LoadDataCell.swift */; };
		F6B24A9E26EF253500C36833 /* LoadDataCell.swift in Sources */ = {isa = PBXBuildFile; fileRef = F6B24A9C26EF253500C36833 /* LoadDataCell.swift */; };
		F6B24A9F26EF253500C36833 /* LoadDataCell.swift in Sources */ = {isa = PBXBuildFile; fileRef = F6B24A9C26EF253500C36833 /* LoadDataCell.swift */; };
		F6B24AA426EF280E00C36833 /* Constant.swift in Sources */ = {isa = PBXBuildFile; fileRef = F6B24AA326EF280E00C36833 /* Constant.swift */; };
		F6B24AA526EF280E00C36833 /* Constant.swift in Sources */ = {isa = PBXBuildFile; fileRef = F6B24AA326EF280E00C36833 /* Constant.swift */; };
		F6B24AA626EF280E00C36833 /* Constant.swift in Sources */ = {isa = PBXBuildFile; fileRef = F6B24AA326EF280E00C36833 /* Constant.swift */; };
		F6B24AAD26EF32DD00C36833 /* AddUserViewModel.swift in Sources */ = {isa = PBXBuildFile; fileRef = F6B24AAC26EF32DD00C36833 /* AddUserViewModel.swift */; };
		F6B24AAE26EF32DD00C36833 /* AddUserViewModel.swift in Sources */ = {isa = PBXBuildFile; fileRef = F6B24AAC26EF32DD00C36833 /* AddUserViewModel.swift */; };
		F6B24AAF26EF32DE00C36833 /* AddUserViewModel.swift in Sources */ = {isa = PBXBuildFile; fileRef = F6B24AAC26EF32DD00C36833 /* AddUserViewModel.swift */; };
		F6B24AB726EF413700C36833 /* UpdateUserViewController.swift in Sources */ = {isa = PBXBuildFile; fileRef = F6B24AB626EF413600C36833 /* UpdateUserViewController.swift */; };
		F6B24AB826EF413700C36833 /* UpdateUserViewController.swift in Sources */ = {isa = PBXBuildFile; fileRef = F6B24AB626EF413600C36833 /* UpdateUserViewController.swift */; };
		F6B24AB926EF413700C36833 /* UpdateUserViewController.swift in Sources */ = {isa = PBXBuildFile; fileRef = F6B24AB626EF413600C36833 /* UpdateUserViewController.swift */; };
		F6B24ABE26EF41CC00C36833 /* UpdateUserViewModel.swift in Sources */ = {isa = PBXBuildFile; fileRef = F6B24ABD26EF41CB00C36833 /* UpdateUserViewModel.swift */; };
		F6B24ABF26EF41CC00C36833 /* UpdateUserViewModel.swift in Sources */ = {isa = PBXBuildFile; fileRef = F6B24ABD26EF41CB00C36833 /* UpdateUserViewModel.swift */; };
		F6B24AC026EF41CC00C36833 /* UpdateUserViewModel.swift in Sources */ = {isa = PBXBuildFile; fileRef = F6B24ABD26EF41CB00C36833 /* UpdateUserViewModel.swift */; };
/* End PBXBuildFile section */

/* Begin PBXContainerItemProxy section */
		F6B24A4926EEF7CB00C36833 /* PBXContainerItemProxy */ = {
			isa = PBXContainerItemProxy;
			containerPortal = F6B24A2A26EEF7C700C36833 /* Project object */;
			proxyType = 1;
			remoteGlobalIDString = F6B24A3126EEF7C700C36833;
			remoteInfo = RealmDemo;
		};
		F6B24A5426EEF7CB00C36833 /* PBXContainerItemProxy */ = {
			isa = PBXContainerItemProxy;
			containerPortal = F6B24A2A26EEF7C700C36833 /* Project object */;
			proxyType = 1;
			remoteGlobalIDString = F6B24A3126EEF7C700C36833;
			remoteInfo = RealmDemo;
		};
/* End PBXContainerItemProxy section */

/* Begin PBXFileReference section */
		F6B24A3226EEF7C700C36833 /* RealmDemo.app */ = {isa = PBXFileReference; explicitFileType = wrapper.application; includeInIndex = 0; path = RealmDemo.app; sourceTree = BUILT_PRODUCTS_DIR; };
		F6B24A3526EEF7C700C36833 /* AppDelegate.swift */ = {isa = PBXFileReference; lastKnownFileType = sourcecode.swift; path = AppDelegate.swift; sourceTree = "<group>"; };
		F6B24A3726EEF7C700C36833 /* SceneDelegate.swift */ = {isa = PBXFileReference; lastKnownFileType = sourcecode.swift; path = SceneDelegate.swift; sourceTree = "<group>"; };
		F6B24A3926EEF7C700C36833 /* ViewController.swift */ = {isa = PBXFileReference; lastKnownFileType = sourcecode.swift; path = ViewController.swift; sourceTree = "<group>"; };
		F6B24A3C26EEF7C700C36833 /* Base */ = {isa = PBXFileReference; lastKnownFileType = file.storyboard; name = Base; path = Base.lproj/Main.storyboard; sourceTree = "<group>"; };
		F6B24A3E26EEF7CB00C36833 /* Assets.xcassets */ = {isa = PBXFileReference; lastKnownFileType = folder.assetcatalog; path = Assets.xcassets; sourceTree = "<group>"; };
		F6B24A4126EEF7CB00C36833 /* Base */ = {isa = PBXFileReference; lastKnownFileType = file.storyboard; name = Base; path = Base.lproj/LaunchScreen.storyboard; sourceTree = "<group>"; };
		F6B24A4326EEF7CB00C36833 /* Info.plist */ = {isa = PBXFileReference; lastKnownFileType = text.plist.xml; path = Info.plist; sourceTree = "<group>"; };
		F6B24A4826EEF7CB00C36833 /* RealmDemoTests.xctest */ = {isa = PBXFileReference; explicitFileType = wrapper.cfbundle; includeInIndex = 0; path = RealmDemoTests.xctest; sourceTree = BUILT_PRODUCTS_DIR; };
		F6B24A4C26EEF7CB00C36833 /* RealmDemoTests.swift */ = {isa = PBXFileReference; lastKnownFileType = sourcecode.swift; path = RealmDemoTests.swift; sourceTree = "<group>"; };
		F6B24A4E26EEF7CB00C36833 /* Info.plist */ = {isa = PBXFileReference; lastKnownFileType = text.plist.xml; path = Info.plist; sourceTree = "<group>"; };
		F6B24A5326EEF7CB00C36833 /* RealmDemoUITests.xctest */ = {isa = PBXFileReference; explicitFileType = wrapper.cfbundle; includeInIndex = 0; path = RealmDemoUITests.xctest; sourceTree = BUILT_PRODUCTS_DIR; };
		F6B24A5726EEF7CB00C36833 /* RealmDemoUITests.swift */ = {isa = PBXFileReference; lastKnownFileType = sourcecode.swift; path = RealmDemoUITests.swift; sourceTree = "<group>"; };
		F6B24A5926EEF7CB00C36833 /* Info.plist */ = {isa = PBXFileReference; lastKnownFileType = text.plist.xml; path = Info.plist; sourceTree = "<group>"; };
		F6B24A6E26EEFA8800C36833 /* DemoUser.swift */ = {isa = PBXFileReference; lastKnownFileType = sourcecode.swift; path = DemoUser.swift; sourceTree = "<group>"; };
		F6B24A7526EF1BB800C36833 /* DemoDBHandler.swift */ = {isa = PBXFileReference; lastKnownFileType = sourcecode.swift; path = DemoDBHandler.swift; sourceTree = "<group>"; };
		F6B24A7C26EF1F8900C36833 /* LoadUsersViewController.swift */ = {isa = PBXFileReference; lastKnownFileType = sourcecode.swift; path = LoadUsersViewController.swift; sourceTree = "<group>"; };
		F6B24A8326EF1FB800C36833 /* AddUserViewController.swift */ = {isa = PBXFileReference; lastKnownFileType = sourcecode.swift; path = AddUserViewController.swift; sourceTree = "<group>"; };
		F6B24A8B26EF216800C36833 /* LoadUsersViewModel.swift */ = {isa = PBXFileReference; lastKnownFileType = sourcecode.swift; path = LoadUsersViewModel.swift; sourceTree = "<group>"; };
		F6B24A9526EF22F900C36833 /* LoadUsersCellViewModel.swift */ = {isa = PBXFileReference; lastKnownFileType = sourcecode.swift; path = LoadUsersCellViewModel.swift; sourceTree = "<group>"; };
		F6B24A9C26EF253500C36833 /* LoadDataCell.swift */ = {isa = PBXFileReference; lastKnownFileType = sourcecode.swift; path = LoadDataCell.swift; sourceTree = "<group>"; };
		F6B24AA326EF280E00C36833 /* Constant.swift */ = {isa = PBXFileReference; lastKnownFileType = sourcecode.swift; path = Constant.swift; sourceTree = "<group>"; };
		F6B24AAC26EF32DD00C36833 /* AddUserViewModel.swift */ = {isa = PBXFileReference; lastKnownFileType = sourcecode.swift; path = AddUserViewModel.swift; sourceTree = "<group>"; };
		F6B24AB626EF413600C36833 /* UpdateUserViewController.swift */ = {isa = PBXFileReference; lastKnownFileType = sourcecode.swift; path = UpdateUserViewController.swift; sourceTree = "<group>"; };
		F6B24ABD26EF41CB00C36833 /* UpdateUserViewModel.swift */ = {isa = PBXFileReference; lastKnownFileType = sourcecode.swift; path = UpdateUserViewModel.swift; sourceTree = "<group>"; };
/* End PBXFileReference section */

/* Begin PBXFrameworksBuildPhase section */
		F6B24A2F26EEF7C700C36833 /* Frameworks */ = {
			isa = PBXFrameworksBuildPhase;
			buildActionMask = 2147483647;
			files = (
				F6B24A6A26EEF9E500C36833 /* RealmSwift in Frameworks */,
			);
			runOnlyForDeploymentPostprocessing = 0;
		};
		F6B24A4526EEF7CB00C36833 /* Frameworks */ = {
			isa = PBXFrameworksBuildPhase;
			buildActionMask = 2147483647;
			files = (
			);
			runOnlyForDeploymentPostprocessing = 0;
		};
		F6B24A5026EEF7CB00C36833 /* Frameworks */ = {
			isa = PBXFrameworksBuildPhase;
			buildActionMask = 2147483647;
			files = (
			);
			runOnlyForDeploymentPostprocessing = 0;
		};
/* End PBXFrameworksBuildPhase section */

/* Begin PBXGroup section */
		F6B24A2926EEF7C700C36833 = {
			isa = PBXGroup;
			children = (
				F6B24A3426EEF7C700C36833 /* RealmDemo */,
				F6B24A4B26EEF7CB00C36833 /* RealmDemoTests */,
				F6B24A5626EEF7CB00C36833 /* RealmDemoUITests */,
				F6B24A3326EEF7C700C36833 /* Products */,
			);
			sourceTree = "<group>";
		};
		F6B24A3326EEF7C700C36833 /* Products */ = {
			isa = PBXGroup;
			children = (
				F6B24A3226EEF7C700C36833 /* RealmDemo.app */,
				F6B24A4826EEF7CB00C36833 /* RealmDemoTests.xctest */,
				F6B24A5326EEF7CB00C36833 /* RealmDemoUITests.xctest */,
			);
			name = Products;
			sourceTree = "<group>";
		};
		F6B24A3426EEF7C700C36833 /* RealmDemo */ = {
			isa = PBXGroup;
			children = (
				F6B24AAB26EF2CEE00C36833 /* Model */,
				F6B24AAA26EF2CCA00C36833 /* View */,
				F6B24A8A26EF211800C36833 /* ViewModel */,
				F6B24A3526EEF7C700C36833 /* AppDelegate.swift */,
				F6B24A3726EEF7C700C36833 /* SceneDelegate.swift */,
				F6B24A3E26EEF7CB00C36833 /* Assets.xcassets */,
				F6B24A4026EEF7CB00C36833 /* LaunchScreen.storyboard */,
				F6B24A4326EEF7CB00C36833 /* Info.plist */,
			);
			path = RealmDemo;
			sourceTree = "<group>";
		};
		F6B24A4B26EEF7CB00C36833 /* RealmDemoTests */ = {
			isa = PBXGroup;
			children = (
				F6B24A4C26EEF7CB00C36833 /* RealmDemoTests.swift */,
				F6B24A4E26EEF7CB00C36833 /* Info.plist */,
			);
			path = RealmDemoTests;
			sourceTree = "<group>";
		};
		F6B24A5626EEF7CB00C36833 /* RealmDemoUITests */ = {
			isa = PBXGroup;
			children = (
				F6B24A5726EEF7CB00C36833 /* RealmDemoUITests.swift */,
				F6B24A5926EEF7CB00C36833 /* Info.plist */,
			);
			path = RealmDemoUITests;
			sourceTree = "<group>";
		};
		F6B24A8A26EF211800C36833 /* ViewModel */ = {
			isa = PBXGroup;
			children = (
				F6B24A8B26EF216800C36833 /* LoadUsersViewModel.swift */,
				F6B24A9526EF22F900C36833 /* LoadUsersCellViewModel.swift */,
				F6B24AAC26EF32DD00C36833 /* AddUserViewModel.swift */,
				F6B24ABD26EF41CB00C36833 /* UpdateUserViewModel.swift */,
			);
			path = ViewModel;
			sourceTree = "<group>";
		};
		F6B24AAA26EF2CCA00C36833 /* View */ = {
			isa = PBXGroup;
			children = (
				F6B24A3B26EEF7C700C36833 /* Main.storyboard */,
				F6B24A3926EEF7C700C36833 /* ViewController.swift */,
				F6B24A7C26EF1F8900C36833 /* LoadUsersViewController.swift */,
				F6B24A8326EF1FB800C36833 /* AddUserViewController.swift */,
				F6B24A9C26EF253500C36833 /* LoadDataCell.swift */,
				F6B24AB626EF413600C36833 /* UpdateUserViewController.swift */,
			);
			path = View;
			sourceTree = "<group>";
		};
		F6B24AAB26EF2CEE00C36833 /* Model */ = {
			isa = PBXGroup;
			children = (
				F6B24A6E26EEFA8800C36833 /* DemoUser.swift */,
				F6B24A7526EF1BB800C36833 /* DemoDBHandler.swift */,
				F6B24AA326EF280E00C36833 /* Constant.swift */,
			);
			path = Model;
			sourceTree = "<group>";
		};
/* End PBXGroup section */

/* Begin PBXNativeTarget section */
		F6B24A3126EEF7C700C36833 /* RealmDemo */ = {
			isa = PBXNativeTarget;
			buildConfigurationList = F6B24A5C26EEF7CB00C36833 /* Build configuration list for PBXNativeTarget "RealmDemo" */;
			buildPhases = (
				F6B24A2E26EEF7C700C36833 /* Sources */,
				F6B24A2F26EEF7C700C36833 /* Frameworks */,
				F6B24A3026EEF7C700C36833 /* Resources */,
			);
			buildRules = (
			);
			dependencies = (
			);
			name = RealmDemo;
			packageProductDependencies = (
				F6B24A6926EEF9E500C36833 /* RealmSwift */,
			);
			productName = RealmDemo;
			productReference = F6B24A3226EEF7C700C36833 /* RealmDemo.app */;
			productType = "com.apple.product-type.application";
		};
		F6B24A4726EEF7CB00C36833 /* RealmDemoTests */ = {
			isa = PBXNativeTarget;
			buildConfigurationList = F6B24A5F26EEF7CC00C36833 /* Build configuration list for PBXNativeTarget "RealmDemoTests" */;
			buildPhases = (
				F6B24A4426EEF7CB00C36833 /* Sources */,
				F6B24A4526EEF7CB00C36833 /* Frameworks */,
				F6B24A4626EEF7CB00C36833 /* Resources */,
			);
			buildRules = (
			);
			dependencies = (
				F6B24A4A26EEF7CB00C36833 /* PBXTargetDependency */,
			);
			name = RealmDemoTests;
			productName = RealmDemoTests;
			productReference = F6B24A4826EEF7CB00C36833 /* RealmDemoTests.xctest */;
			productType = "com.apple.product-type.bundle.unit-test";
		};
		F6B24A5226EEF7CB00C36833 /* RealmDemoUITests */ = {
			isa = PBXNativeTarget;
			buildConfigurationList = F6B24A6226EEF7CC00C36833 /* Build configuration list for PBXNativeTarget "RealmDemoUITests" */;
			buildPhases = (
				F6B24A4F26EEF7CB00C36833 /* Sources */,
				F6B24A5026EEF7CB00C36833 /* Frameworks */,
				F6B24A5126EEF7CB00C36833 /* Resources */,
			);
			buildRules = (
			);
			dependencies = (
				F6B24A5526EEF7CB00C36833 /* PBXTargetDependency */,
			);
			name = RealmDemoUITests;
			productName = RealmDemoUITests;
			productReference = F6B24A5326EEF7CB00C36833 /* RealmDemoUITests.xctest */;
			productType = "com.apple.product-type.bundle.ui-testing";
		};
/* End PBXNativeTarget section */

/* Begin PBXProject section */
		F6B24A2A26EEF7C700C36833 /* Project object */ = {
			isa = PBXProject;
			attributes = {
				LastSwiftUpdateCheck = 1240;
				LastUpgradeCheck = 1240;
				TargetAttributes = {
					F6B24A3126EEF7C700C36833 = {
						CreatedOnToolsVersion = 12.4;
					};
					F6B24A4726EEF7CB00C36833 = {
						CreatedOnToolsVersion = 12.4;
						TestTargetID = F6B24A3126EEF7C700C36833;
					};
					F6B24A5226EEF7CB00C36833 = {
						CreatedOnToolsVersion = 12.4;
						TestTargetID = F6B24A3126EEF7C700C36833;
					};
				};
			};
			buildConfigurationList = F6B24A2D26EEF7C700C36833 /* Build configuration list for PBXProject "RealmDemo" */;
			compatibilityVersion = "Xcode 9.3";
			developmentRegion = en;
			hasScannedForEncodings = 0;
			knownRegions = (
				en,
				Base,
			);
			mainGroup = F6B24A2926EEF7C700C36833;
			packageReferences = (
				F6B24A6826EEF9E500C36833 /* XCRemoteSwiftPackageReference "realm-cocoa" */,
			);
			productRefGroup = F6B24A3326EEF7C700C36833 /* Products */;
			projectDirPath = "";
			projectRoot = "";
			targets = (
				F6B24A3126EEF7C700C36833 /* RealmDemo */,
				F6B24A4726EEF7CB00C36833 /* RealmDemoTests */,
				F6B24A5226EEF7CB00C36833 /* RealmDemoUITests */,
			);
		};
/* End PBXProject section */

/* Begin PBXResourcesBuildPhase section */
		F6B24A3026EEF7C700C36833 /* Resources */ = {
			isa = PBXResourcesBuildPhase;
			buildActionMask = 2147483647;
			files = (
				F6B24A4226EEF7CB00C36833 /* LaunchScreen.storyboard in Resources */,
				F6B24A3F26EEF7CB00C36833 /* Assets.xcassets in Resources */,
				F6B24A3D26EEF7C700C36833 /* Main.storyboard in Resources */,
			);
			runOnlyForDeploymentPostprocessing = 0;
		};
		F6B24A4626EEF7CB00C36833 /* Resources */ = {
			isa = PBXResourcesBuildPhase;
			buildActionMask = 2147483647;
			files = (
			);
			runOnlyForDeploymentPostprocessing = 0;
		};
		F6B24A5126EEF7CB00C36833 /* Resources */ = {
			isa = PBXResourcesBuildPhase;
			buildActionMask = 2147483647;
			files = (
			);
			runOnlyForDeploymentPostprocessing = 0;
		};
/* End PBXResourcesBuildPhase section */

/* Begin PBXSourcesBuildPhase section */
		F6B24A2E26EEF7C700C36833 /* Sources */ = {
			isa = PBXSourcesBuildPhase;
			buildActionMask = 2147483647;
			files = (
				F6B24ABE26EF41CC00C36833 /* UpdateUserViewModel.swift in Sources */,
				F6B24A9626EF22F900C36833 /* LoadUsersCellViewModel.swift in Sources */,
				F6B24A8C26EF216800C36833 /* LoadUsersViewModel.swift in Sources */,
				F6B24AB726EF413700C36833 /* UpdateUserViewController.swift in Sources */,
				F6B24A7626EF1BB800C36833 /* DemoDBHandler.swift in Sources */,
				F6B24A3A26EEF7C700C36833 /* ViewController.swift in Sources */,
				F6B24AAD26EF32DD00C36833 /* AddUserViewModel.swift in Sources */,
				F6B24A6F26EEFA8800C36833 /* DemoUser.swift in Sources */,
				F6B24A3626EEF7C700C36833 /* AppDelegate.swift in Sources */,
				F6B24A8426EF1FB800C36833 /* AddUserViewController.swift in Sources */,
				F6B24A7D26EF1F8900C36833 /* LoadUsersViewController.swift in Sources */,
				F6B24AA426EF280E00C36833 /* Constant.swift in Sources */,
				F6B24A3826EEF7C700C36833 /* SceneDelegate.swift in Sources */,
				F6B24A9D26EF253500C36833 /* LoadDataCell.swift in Sources */,
			);
			runOnlyForDeploymentPostprocessing = 0;
		};
		F6B24A4426EEF7CB00C36833 /* Sources */ = {
			isa = PBXSourcesBuildPhase;
			buildActionMask = 2147483647;
			files = (
				F6B24A7E26EF1F8900C36833 /* LoadUsersViewController.swift in Sources */,
				F6B24A7726EF1BB800C36833 /* DemoDBHandler.swift in Sources */,
				F6B24ABF26EF41CC00C36833 /* UpdateUserViewModel.swift in Sources */,
				F6B24AB826EF413700C36833 /* UpdateUserViewController.swift in Sources */,
				F6B24AAE26EF32DD00C36833 /* AddUserViewModel.swift in Sources */,
				F6B24AA526EF280E00C36833 /* Constant.swift in Sources */,
				F6B24A8D26EF216800C36833 /* LoadUsersViewModel.swift in Sources */,
				F6B24A4D26EEF7CB00C36833 /* RealmDemoTests.swift in Sources */,
				F6B24A7026EEFA8800C36833 /* DemoUser.swift in Sources */,
				F6B24A8526EF1FB800C36833 /* AddUserViewController.swift in Sources */,
				F6B24A9726EF22F900C36833 /* LoadUsersCellViewModel.swift in Sources */,
				F6B24A9E26EF253500C36833 /* LoadDataCell.swift in Sources */,
			);
			runOnlyForDeploymentPostprocessing = 0;
		};
		F6B24A4F26EEF7CB00C36833 /* Sources */ = {
			isa = PBXSourcesBuildPhase;
			buildActionMask = 2147483647;
			files = (
				F6B24A7F26EF1F8900C36833 /* LoadUsersViewController.swift in Sources */,
				F6B24A7826EF1BB800C36833 /* DemoDBHandler.swift in Sources */,
				F6B24AC026EF41CC00C36833 /* UpdateUserViewModel.swift in Sources */,
				F6B24AB926EF413700C36833 /* UpdateUserViewController.swift in Sources */,
				F6B24AAF26EF32DE00C36833 /* AddUserViewModel.swift in Sources */,
				F6B24AA626EF280E00C36833 /* Constant.swift in Sources */,
				F6B24A8E26EF216800C36833 /* LoadUsersViewModel.swift in Sources */,
				F6B24A5826EEF7CB00C36833 /* RealmDemoUITests.swift in Sources */,
				F6B24A7126EEFA8800C36833 /* DemoUser.swift in Sources */,
				F6B24A8626EF1FB800C36833 /* AddUserViewController.swift in Sources */,
				F6B24A9826EF22F900C36833 /* LoadUsersCellViewModel.swift in Sources */,
				F6B24A9F26EF253500C36833 /* LoadDataCell.swift in Sources */,
			);
			runOnlyForDeploymentPostprocessing = 0;
		};
/* End PBXSourcesBuildPhase section */

/* Begin PBXTargetDependency section */
		F6B24A4A26EEF7CB00C36833 /* PBXTargetDependency */ = {
			isa = PBXTargetDependency;
			target = F6B24A3126EEF7C700C36833 /* RealmDemo */;
			targetProxy = F6B24A4926EEF7CB00C36833 /* PBXContainerItemProxy */;
		};
		F6B24A5526EEF7CB00C36833 /* PBXTargetDependency */ = {
			isa = PBXTargetDependency;
			target = F6B24A3126EEF7C700C36833 /* RealmDemo */;
			targetProxy = F6B24A5426EEF7CB00C36833 /* PBXContainerItemProxy */;
		};
/* End PBXTargetDependency section */

/* Begin PBXVariantGroup section */
		F6B24A3B26EEF7C700C36833 /* Main.storyboard */ = {
			isa = PBXVariantGroup;
			children = (
				F6B24A3C26EEF7C700C36833 /* Base */,
			);
			name = Main.storyboard;
			sourceTree = "<group>";
		};
		F6B24A4026EEF7CB00C36833 /* LaunchScreen.storyboard */ = {
			isa = PBXVariantGroup;
			children = (
				F6B24A4126EEF7CB00C36833 /* Base */,
			);
			name = LaunchScreen.storyboard;
			sourceTree = "<group>";
		};
/* End PBXVariantGroup section */

/* Begin XCBuildConfiguration section */
		F6B24A5A26EEF7CB00C36833 /* Debug */ = {
			isa = XCBuildConfiguration;
			buildSettings = {
				ALWAYS_SEARCH_USER_PATHS = NO;
				CLANG_ANALYZER_NONNULL = YES;
				CLANG_ANALYZER_NUMBER_OBJECT_CONVERSION = YES_AGGRESSIVE;
				CLANG_CXX_LANGUAGE_STANDARD = "gnu++14";
				CLANG_CXX_LIBRARY = "libc++";
				CLANG_ENABLE_MODULES = YES;
				CLANG_ENABLE_OBJC_ARC = YES;
				CLANG_ENABLE_OBJC_WEAK = YES;
				CLANG_WARN_BLOCK_CAPTURE_AUTORELEASING = YES;
				CLANG_WARN_BOOL_CONVERSION = YES;
				CLANG_WARN_COMMA = YES;
				CLANG_WARN_CONSTANT_CONVERSION = YES;
				CLANG_WARN_DEPRECATED_OBJC_IMPLEMENTATIONS = YES;
				CLANG_WARN_DIRECT_OBJC_ISA_USAGE = YES_ERROR;
				CLANG_WARN_DOCUMENTATION_COMMENTS = YES;
				CLANG_WARN_EMPTY_BODY = YES;
				CLANG_WARN_ENUM_CONVERSION = YES;
				CLANG_WARN_INFINITE_RECURSION = YES;
				CLANG_WARN_INT_CONVERSION = YES;
				CLANG_WARN_NON_LITERAL_NULL_CONVERSION = YES;
				CLANG_WARN_OBJC_IMPLICIT_RETAIN_SELF = YES;
				CLANG_WARN_OBJC_LITERAL_CONVERSION = YES;
				CLANG_WARN_OBJC_ROOT_CLASS = YES_ERROR;
				CLANG_WARN_QUOTED_INCLUDE_IN_FRAMEWORK_HEADER = YES;
				CLANG_WARN_RANGE_LOOP_ANALYSIS = YES;
				CLANG_WARN_STRICT_PROTOTYPES = YES;
				CLANG_WARN_SUSPICIOUS_MOVE = YES;
				CLANG_WARN_UNGUARDED_AVAILABILITY = YES_AGGRESSIVE;
				CLANG_WARN_UNREACHABLE_CODE = YES;
				CLANG_WARN__DUPLICATE_METHOD_MATCH = YES;
				COPY_PHASE_STRIP = NO;
				DEBUG_INFORMATION_FORMAT = dwarf;
				ENABLE_STRICT_OBJC_MSGSEND = YES;
				ENABLE_TESTABILITY = YES;
				GCC_C_LANGUAGE_STANDARD = gnu11;
				GCC_DYNAMIC_NO_PIC = NO;
				GCC_NO_COMMON_BLOCKS = YES;
				GCC_OPTIMIZATION_LEVEL = 0;
				GCC_PREPROCESSOR_DEFINITIONS = (
					"DEBUG=1",
					"$(inherited)",
				);
				GCC_WARN_64_TO_32_BIT_CONVERSION = YES;
				GCC_WARN_ABOUT_RETURN_TYPE = YES_ERROR;
				GCC_WARN_UNDECLARED_SELECTOR = YES;
				GCC_WARN_UNINITIALIZED_AUTOS = YES_AGGRESSIVE;
				GCC_WARN_UNUSED_FUNCTION = YES;
				GCC_WARN_UNUSED_VARIABLE = YES;
				IPHONEOS_DEPLOYMENT_TARGET = 14.4;
				MTL_ENABLE_DEBUG_INFO = INCLUDE_SOURCE;
				MTL_FAST_MATH = YES;
				ONLY_ACTIVE_ARCH = YES;
				SDKROOT = iphoneos;
				SWIFT_ACTIVE_COMPILATION_CONDITIONS = DEBUG;
				SWIFT_OPTIMIZATION_LEVEL = "-Onone";
			};
			name = Debug;
		};
		F6B24A5B26EEF7CB00C36833 /* Release */ = {
			isa = XCBuildConfiguration;
			buildSettings = {
				ALWAYS_SEARCH_USER_PATHS = NO;
				CLANG_ANALYZER_NONNULL = YES;
				CLANG_ANALYZER_NUMBER_OBJECT_CONVERSION = YES_AGGRESSIVE;
				CLANG_CXX_LANGUAGE_STANDARD = "gnu++14";
				CLANG_CXX_LIBRARY = "libc++";
				CLANG_ENABLE_MODULES = YES;
				CLANG_ENABLE_OBJC_ARC = YES;
				CLANG_ENABLE_OBJC_WEAK = YES;
				CLANG_WARN_BLOCK_CAPTURE_AUTORELEASING = YES;
				CLANG_WARN_BOOL_CONVERSION = YES;
				CLANG_WARN_COMMA = YES;
				CLANG_WARN_CONSTANT_CONVERSION = YES;
				CLANG_WARN_DEPRECATED_OBJC_IMPLEMENTATIONS = YES;
				CLANG_WARN_DIRECT_OBJC_ISA_USAGE = YES_ERROR;
				CLANG_WARN_DOCUMENTATION_COMMENTS = YES;
				CLANG_WARN_EMPTY_BODY = YES;
				CLANG_WARN_ENUM_CONVERSION = YES;
				CLANG_WARN_INFINITE_RECURSION = YES;
				CLANG_WARN_INT_CONVERSION = YES;
				CLANG_WARN_NON_LITERAL_NULL_CONVERSION = YES;
				CLANG_WARN_OBJC_IMPLICIT_RETAIN_SELF = YES;
				CLANG_WARN_OBJC_LITERAL_CONVERSION = YES;
				CLANG_WARN_OBJC_ROOT_CLASS = YES_ERROR;
				CLANG_WARN_QUOTED_INCLUDE_IN_FRAMEWORK_HEADER = YES;
				CLANG_WARN_RANGE_LOOP_ANALYSIS = YES;
				CLANG_WARN_STRICT_PROTOTYPES = YES;
				CLANG_WARN_SUSPICIOUS_MOVE = YES;
				CLANG_WARN_UNGUARDED_AVAILABILITY = YES_AGGRESSIVE;
				CLANG_WARN_UNREACHABLE_CODE = YES;
				CLANG_WARN__DUPLICATE_METHOD_MATCH = YES;
				COPY_PHASE_STRIP = NO;
				DEBUG_INFORMATION_FORMAT = "dwarf-with-dsym";
				ENABLE_NS_ASSERTIONS = NO;
				ENABLE_STRICT_OBJC_MSGSEND = YES;
				GCC_C_LANGUAGE_STANDARD = gnu11;
				GCC_NO_COMMON_BLOCKS = YES;
				GCC_WARN_64_TO_32_BIT_CONVERSION = YES;
				GCC_WARN_ABOUT_RETURN_TYPE = YES_ERROR;
				GCC_WARN_UNDECLARED_SELECTOR = YES;
				GCC_WARN_UNINITIALIZED_AUTOS = YES_AGGRESSIVE;
				GCC_WARN_UNUSED_FUNCTION = YES;
				GCC_WARN_UNUSED_VARIABLE = YES;
				IPHONEOS_DEPLOYMENT_TARGET = 14.4;
				MTL_ENABLE_DEBUG_INFO = NO;
				MTL_FAST_MATH = YES;
				SDKROOT = iphoneos;
				SWIFT_COMPILATION_MODE = wholemodule;
				SWIFT_OPTIMIZATION_LEVEL = "-O";
				VALIDATE_PRODUCT = YES;
			};
			name = Release;
		};
		F6B24A5D26EEF7CB00C36833 /* Debug */ = {
			isa = XCBuildConfiguration;
			buildSettings = {
				ASSETCATALOG_COMPILER_APPICON_NAME = AppIcon;
				ASSETCATALOG_COMPILER_GLOBAL_ACCENT_COLOR_NAME = AccentColor;
				CODE_SIGN_STYLE = Automatic;
				DEVELOPMENT_TEAM = 9KMT2XHYS7;
				INFOPLIST_FILE = RealmDemo/Info.plist;
				LD_RUNPATH_SEARCH_PATHS = (
					"$(inherited)",
					"@executable_path/Frameworks",
				);
				PRODUCT_BUNDLE_IDENTIFIER = com.dispy.RealmDemo;
				PRODUCT_NAME = "$(TARGET_NAME)";
				SWIFT_VERSION = 5.0;
				TARGETED_DEVICE_FAMILY = "1,2";
			};
			name = Debug;
		};
		F6B24A5E26EEF7CB00C36833 /* Release */ = {
			isa = XCBuildConfiguration;
			buildSettings = {
				ASSETCATALOG_COMPILER_APPICON_NAME = AppIcon;
				ASSETCATALOG_COMPILER_GLOBAL_ACCENT_COLOR_NAME = AccentColor;
				CODE_SIGN_STYLE = Automatic;
				DEVELOPMENT_TEAM = 9KMT2XHYS7;
				INFOPLIST_FILE = RealmDemo/Info.plist;
				LD_RUNPATH_SEARCH_PATHS = (
					"$(inherited)",
					"@executable_path/Frameworks",
				);
				PRODUCT_BUNDLE_IDENTIFIER = com.dispy.RealmDemo;
				PRODUCT_NAME = "$(TARGET_NAME)";
				SWIFT_VERSION = 5.0;
				TARGETED_DEVICE_FAMILY = "1,2";
			};
			name = Release;
		};
		F6B24A6026EEF7CC00C36833 /* Debug */ = {
			isa = XCBuildConfiguration;
			buildSettings = {
				ALWAYS_EMBED_SWIFT_STANDARD_LIBRARIES = YES;
				BUNDLE_LOADER = "$(TEST_HOST)";
				CODE_SIGN_STYLE = Automatic;
				DEVELOPMENT_TEAM = 9KMT2XHYS7;
				INFOPLIST_FILE = RealmDemoTests/Info.plist;
				IPHONEOS_DEPLOYMENT_TARGET = 14.4;
				LD_RUNPATH_SEARCH_PATHS = (
					"$(inherited)",
					"@executable_path/Frameworks",
					"@loader_path/Frameworks",
				);
				PRODUCT_BUNDLE_IDENTIFIER = com.dispy.RealmDemoTests;
				PRODUCT_NAME = "$(TARGET_NAME)";
				SWIFT_VERSION = 5.0;
				TARGETED_DEVICE_FAMILY = "1,2";
				TEST_HOST = "$(BUILT_PRODUCTS_DIR)/RealmDemo.app/RealmDemo";
			};
			name = Debug;
		};
		F6B24A6126EEF7CC00C36833 /* Release */ = {
			isa = XCBuildConfiguration;
			buildSettings = {
				ALWAYS_EMBED_SWIFT_STANDARD_LIBRARIES = YES;
				BUNDLE_LOADER = "$(TEST_HOST)";
				CODE_SIGN_STYLE = Automatic;
				DEVELOPMENT_TEAM = 9KMT2XHYS7;
				INFOPLIST_FILE = RealmDemoTests/Info.plist;
				IPHONEOS_DEPLOYMENT_TARGET = 14.4;
				LD_RUNPATH_SEARCH_PATHS = (
					"$(inherited)",
					"@executable_path/Frameworks",
					"@loader_path/Frameworks",
				);
				PRODUCT_BUNDLE_IDENTIFIER = com.dispy.RealmDemoTests;
				PRODUCT_NAME = "$(TARGET_NAME)";
				SWIFT_VERSION = 5.0;
				TARGETED_DEVICE_FAMILY = "1,2";
				TEST_HOST = "$(BUILT_PRODUCTS_DIR)/RealmDemo.app/RealmDemo";
			};
			name = Release;
		};
		F6B24A6326EEF7CC00C36833 /* Debug */ = {
			isa = XCBuildConfiguration;
			buildSettings = {
				ALWAYS_EMBED_SWIFT_STANDARD_LIBRARIES = YES;
				CODE_SIGN_STYLE = Automatic;
				DEVELOPMENT_TEAM = 9KMT2XHYS7;
				INFOPLIST_FILE = RealmDemoUITests/Info.plist;
				LD_RUNPATH_SEARCH_PATHS = (
					"$(inherited)",
					"@executable_path/Frameworks",
					"@loader_path/Frameworks",
				);
				PRODUCT_BUNDLE_IDENTIFIER = com.dispy.RealmDemoUITests;
				PRODUCT_NAME = "$(TARGET_NAME)";
				SWIFT_VERSION = 5.0;
				TARGETED_DEVICE_FAMILY = "1,2";
				TEST_TARGET_NAME = RealmDemo;
			};
			name = Debug;
		};
		F6B24A6426EEF7CC00C36833 /* Release */ = {
			isa = XCBuildConfiguration;
			buildSettings = {
				ALWAYS_EMBED_SWIFT_STANDARD_LIBRARIES = YES;
				CODE_SIGN_STYLE = Automatic;
				DEVELOPMENT_TEAM = 9KMT2XHYS7;
				INFOPLIST_FILE = RealmDemoUITests/Info.plist;
				LD_RUNPATH_SEARCH_PATHS = (
					"$(inherited)",
					"@executable_path/Frameworks",
					"@loader_path/Frameworks",
				);
				PRODUCT_BUNDLE_IDENTIFIER = com.dispy.RealmDemoUITests;
				PRODUCT_NAME = "$(TARGET_NAME)";
				SWIFT_VERSION = 5.0;
				TARGETED_DEVICE_FAMILY = "1,2";
				TEST_TARGET_NAME = RealmDemo;
			};
			name = Release;
		};
/* End XCBuildConfiguration section */

/* Begin XCConfigurationList section */
		F6B24A2D26EEF7C700C36833 /* Build configuration list for PBXProject "RealmDemo" */ = {
			isa = XCConfigurationList;
			buildConfigurations = (
				F6B24A5A26EEF7CB00C36833 /* Debug */,
				F6B24A5B26EEF7CB00C36833 /* Release */,
			);
			defaultConfigurationIsVisible = 0;
			defaultConfigurationName = Release;
		};
		F6B24A5C26EEF7CB00C36833 /* Build configuration list for PBXNativeTarget "RealmDemo" */ = {
			isa = XCConfigurationList;
			buildConfigurations = (
				F6B24A5D26EEF7CB00C36833 /* Debug */,
				F6B24A5E26EEF7CB00C36833 /* Release */,
			);
			defaultConfigurationIsVisible = 0;
			defaultConfigurationName = Release;
		};
		F6B24A5F26EEF7CC00C36833 /* Build configuration list for PBXNativeTarget "RealmDemoTests" */ = {
			isa = XCConfigurationList;
			buildConfigurations = (
				F6B24A6026EEF7CC00C36833 /* Debug */,
				F6B24A6126EEF7CC00C36833 /* Release */,
			);
			defaultConfigurationIsVisible = 0;
			defaultConfigurationName = Release;
		};
		F6B24A6226EEF7CC00C36833 /* Build configuration list for PBXNativeTarget "RealmDemoUITests" */ = {
			isa = XCConfigurationList;
			buildConfigurations = (
				F6B24A6326EEF7CC00C36833 /* Debug */,
				F6B24A6426EEF7CC00C36833 /* Release */,
			);
			defaultConfigurationIsVisible = 0;
			defaultConfigurationName = Release;
		};
/* End XCConfigurationList section */

/* Begin XCRemoteSwiftPackageReference section */
		F6B24A6826EEF9E500C36833 /* XCRemoteSwiftPackageReference "realm-cocoa" */ = {
			isa = XCRemoteSwiftPackageReference;
			repositoryURL = "https://github.com/realm/realm-cocoa.git";
			requirement = {
				kind = upToNextMajorVersion;
				minimumVersion = 10.15.0;
			};
		};
/* End XCRemoteSwiftPackageReference section */

/* Begin XCSwiftPackageProductDependency section */
		F6B24A6926EEF9E500C36833 /* RealmSwift */ = {
			isa = XCSwiftPackageProductDependency;
			package = F6B24A6826EEF9E500C36833 /* XCRemoteSwiftPackageReference "realm-cocoa" */;
			productName = RealmSwift;
		};
/* End XCSwiftPackageProductDependency section */
	};
	rootObject = F6B24A2A26EEF7C700C36833 /* Project object */;
}
